
Microsoft Visual Studio Solution File, Format Version 12.00
# Visual Studio Version 17
Project("{2150E333-8FDC-42A3-9474-1A3956D46DE8}") = "ByteMark", "ByteMark", "{4BDEB76D-671D-385F-9A06-D3C143C81217}"
EndProject
Project("{2150E333-8FDC-42A3-9474-1A3956D46DE8}") = "CMakePredefinedTargets", "CMakePredefinedTargets", "{1DC6B310-E620-3815-BB6F-83FB127073AD}"
EndProject
Project("{2150E333-8FDC-42A3-9474-1A3956D46DE8}") = "Targets", "Targets", "{6727050F-5D07-3F46-A89E-8FDC909994E9}"
EndProject
Project("{8BC9CEB8-8B4A-11D0-8D11-00A0C91BC942}") = "ALL_BUILD", "ALL_BUILD.vcxproj", "{43D3E461-5145-39F4-9B19-A3E3E0B13AA5}"
	ProjectSection(ProjectDependencies) = postProject
		{0406C761-FCDA-32E0-B939-E9F4BEBA927C} = {0406C761-FCDA-32E0-B939-E9F4BEBA927C}
		{9786F2B5-ACE9-339E-BA76-E88E1CFB0CE8} = {9786F2B5-ACE9-339E-BA76-E88E1CFB0CE8}
		{E29BDD2A-C008-32B6-9F23-CB114087B9B7} = {E29BDD2A-C008-32B6-9F23-CB114087B9B7}
		{1141DCDD-F7BE-3FC5-BD26-F4B97CE0FFF4} = {1141DCDD-F7BE-3FC5-BD26-F4B97CE0FFF4}
		{ED493854-5F77-373A-9005-EB9E6CB63F41} = {ED493854-5F77-373A-9005-EB9E6CB63F41}
		{D86F2E0A-F641-3C1A-899D-E59950C15438} = {D86F2E0A-F641-3C1A-899D-E59950C15438}
		{8d538cbe-01bf-4a2e-a98a-6c368fdf13d7} = {8d538cbe-01bf-4a2e-a98a-6c368fdf13d7}
		{8bd3552a-2cfb-4a59-ab15-2031b97ada1e} = {8bd3552a-2cfb-4a59-ab15-2031b97ada1e}
		{77DA26CE-4B57-3FDE-9DD5-69EB9664258A} = {77DA26CE-4B57-3FDE-9DD5-69EB9664258A}
		{1C901AF7-FD18-3C40-99FA-0CEBEFD47BB1} = {1C901AF7-FD18-3C40-99FA-0CEBEFD47BB1}
		{9CEDF093-0FFF-328E-AC89-38A13C992B18} = {9CEDF093-0FFF-328E-AC89-38A13C992B18}
	EndProjectSection
EndProject
Project("{8BC9CEB8-8B4A-11D0-8D11-00A0C91BC942}") = "Assets", "Assets.vcxproj", "{0406C761-FCDA-32E0-B939-E9F4BEBA927C}"
	ProjectSection(ProjectDependencies) = postProject
		{1C901AF7-FD18-3C40-99FA-0CEBEFD47BB1} = {1C901AF7-FD18-3C40-99FA-0CEBEFD47BB1}
	EndProjectSection
EndProject
Project("{8BC9CEB8-8B4A-11D0-8D11-00A0C91BC942}") = "Benchmarks", "Benchmarks.vcxproj", "{9786F2B5-ACE9-339E-BA76-E88E1CFB0CE8}"
	ProjectSection(ProjectDependencies) = postProject
		{0406C761-FCDA-32E0-B939-E9F4BEBA927C} = {0406C761-FCDA-32E0-B939-E9F4BEBA927C}
		{8d538cbe-01bf-4a2e-a98a-6c368fdf13d7} = {8d538cbe-01bf-4a2e-a98a-6c368fdf13d7}
		{8bd3552a-2cfb-4a59-ab15-2031b97ada1e} = {8bd3552a-2cfb-4a59-ab15-2031b97ada1e}
		{1C901AF7-FD18-3C40-99FA-0CEBEFD47BB1} = {1C901AF7-FD18-3C40-99FA-0CEBEFD47BB1}
	EndProjectSection
EndProject
Project("{8BC9CEB8-8B4A-11D0-8D11-00A0C91BC942}") = "ByteMark", "ByteMark.vcxproj", "{E29BDD2A-C008-32B6-9F23-CB114087B9B7}"
	ProjectSection(ProjectDependencies) = postProject
		{0406C761-FCDA-32E0-B939-E9F4BEBA927C} = {0406C761-FCDA-32E0-B939-E9F4BEBA927C}
		{1C901AF7-FD18-3C40-99FA-0CEBEFD47BB1} = {1C901AF7-FD18-3C40-99FA-0CEBEFD47BB1}
	EndProjectSection
EndProject
Project("{8BC9CEB8-8B4A-11D0-8D11-00A0C91BC942}") = "ByteMark_All", "ByteMark_All.vcxproj", "{EF46C3BA-38F5-34E6-BB6C-A085C9E43853}"
	ProjectSection(ProjectDependencies) = postProject
		{1141DCDD-F7BE-3FC5-BD26-F4B97CE0FFF4} = {1141DCDD-F7BE-3FC5-BD26-F4B97CE0FFF4}
		{ED493854-5F77-373A-9005-EB9E6CB63F41} = {ED493854-5F77-373A-9005-EB9E6CB63F41}
		{1C901AF7-FD18-3C40-99FA-0CEBEFD47BB1} = {1C901AF7-FD18-3C40-99FA-0CEBEFD47BB1}
	EndProjectSection
EndProject
Project("{8BC9CEB8-8B4A-11D0-8D11-00A0C91BC942}") = "ByteMark_Standalone", "ByteMark_Standalone.vcxproj", "{1141DCDD-F7BE-3FC5-BD26-F4B97CE0FFF4}"
	ProjectSection(ProjectDependencies) = postProject
		{0406C761-FCDA-32E0-B939-E9F4BEBA927C} = {0406C761-FCDA-32E0-B939-E9F4BEBA927C}
		{E29BDD2A-C008-32B6-9F23-CB114087B9B7} = {E29BDD2A-C008-32B6-9F23-CB114087B9B7}
		{D86F2E0A-F641-3C1A-899D-E59950C15438} = {D86F2E0A-F641-3C1A-899D-E59950C15438}
		{1C901AF7-FD18-3C40-99FA-0CEBEFD47BB1} = {1C901AF7-FD18-3C40-99FA-0CEBEFD47BB1}
	EndProjectSection
EndProject
Project("{8BC9CEB8-8B4A-11D0-8D11-00A0C91BC942}") = "ByteMark_VST3", "ByteMark_VST3.vcxproj", "{ED493854-5F77-373A-9005-EB9E6CB63F41}"
	ProjectSection(ProjectDependencies) = postProject
		{0406C761-FCDA-32E0-B939-E9F4BEBA927C} = {0406C761-FCDA-32E0-B939-E9F4BEBA927C}
		{E29BDD2A-C008-32B6-9F23-CB114087B9B7} = {E29BDD2A-C008-32B6-9F23-CB114087B9B7}
		{D86F2E0A-F641-3C1A-899D-E59950C15438} = {D86F2E0A-F641-3C1A-899D-E59950C15438}
		{1C901AF7-FD18-3C40-99FA-0CEBEFD47BB1} = {1C901AF7-FD18-3C40-99FA-0CEBEFD47BB1}
		{9CEDF093-0FFF-328E-AC89-38A13C992B18} = {9CEDF093-0FFF-328E-AC89-38A13C992B18}
	EndProjectSection
EndProject
Project("{8BC9CEB8-8B4A-11D0-8D11-00A0C91BC942}") = "ByteMark_rc_lib", "ByteMark_rc_lib.vcxproj", "{D86F2E0A-F641-3C1A-899D-E59950C15438}"
	ProjectSection(ProjectDependencies) = postProject
		{1C901AF7-FD18-3C40-99FA-0CEBEFD47BB1} = {1C901AF7-FD18-3C40-99FA-0CEBEFD47BB1}
	EndProjectSection
EndProject
Project("{8BC9CEB8-8B4A-11D0-8D11-00A0C91BC942}") = "Catch2", "_deps\catch2-build\src\Catch2.vcxproj", "{8d538cbe-01bf-4a2e-a98a-6c368fdf13d7}"
	ProjectSection(ProjectDependencies) = postProject
		{1C901AF7-FD18-3C40-99FA-0CEBEFD47BB1} = {1C901AF7-FD18-3C40-99FA-0CEBEFD47BB1}
	EndProjectSection
EndProject
Project("{8BC9CEB8-8B4A-11D0-8D11-00A0C91BC942}") = "Catch2WithMain", "_deps\catch2-build\src\Catch2WithMain.vcxproj", "{8bd3552a-2cfb-4a59-ab15-2031b97ada1e}"
	ProjectSection(ProjectDependencies) = postProject
		{8d538cbe-01bf-4a2e-a98a-6c368fdf13d7} = {8d538cbe-01bf-4a2e-a98a-6c368fdf13d7}
		{1C901AF7-FD18-3C40-99FA-0CEBEFD47BB1} = {1C901AF7-FD18-3C40-99FA-0CEBEFD47BB1}
	EndProjectSection
EndProject
Project("{8BC9CEB8-8B4A-11D0-8D11-00A0C91BC942}") = "INSTALL", "INSTALL.vcxproj", "{795C4ECE-900D-304C-8ABB-A965D9FCF27F}"
	ProjectSection(ProjectDependencies) = postProject
		{43D3E461-5145-39F4-9B19-A3E3E0B13AA5} = {43D3E461-5145-39F4-9B19-A3E3E0B13AA5}
		{1C901AF7-FD18-3C40-99FA-0CEBEFD47BB1} = {1C901AF7-FD18-3C40-99FA-0CEBEFD47BB1}
	EndProjectSection
EndProject
Project("{8BC9CEB8-8B4A-11D0-8D11-00A0C91BC942}") = "RUN_TESTS", "RUN_TESTS.vcxproj", "{08EF9CD4-8BBC-3B63-9708-442B64A850BF}"
	ProjectSection(ProjectDependencies) = postProject
		{1C901AF7-FD18-3C40-99FA-0CEBEFD47BB1} = {1C901AF7-FD18-3C40-99FA-0CEBEFD47BB1}
	EndProjectSection
EndProject
Project("{8BC9CEB8-8B4A-11D0-8D11-00A0C91BC942}") = "Tests", "Tests.vcxproj", "{77DA26CE-4B57-3FDE-9DD5-69EB9664258A}"
	ProjectSection(ProjectDependencies) = postProject
		{0406C761-FCDA-32E0-B939-E9F4BEBA927C} = {0406C761-FCDA-32E0-B939-E9F4BEBA927C}
		{8d538cbe-01bf-4a2e-a98a-6c368fdf13d7} = {8d538cbe-01bf-4a2e-a98a-6c368fdf13d7}
		{8bd3552a-2cfb-4a59-ab15-2031b97ada1e} = {8bd3552a-2cfb-4a59-ab15-2031b97ada1e}
		{1C901AF7-FD18-3C40-99FA-0CEBEFD47BB1} = {1C901AF7-FD18-3C40-99FA-0CEBEFD47BB1}
	EndProjectSection
EndProject
Project("{8BC9CEB8-8B4A-11D0-8D11-00A0C91BC942}") = "ZERO_CHECK", "ZERO_CHECK.vcxproj", "{1C901AF7-FD18-3C40-99FA-0CEBEFD47BB1}"
	ProjectSection(ProjectDependencies) = postProject
	EndProjectSection
EndProject
Project("{8BC9CEB8-8B4A-11D0-8D11-00A0C91BC942}") = "juce_vst3_helper", "juce_vst3_helper.vcxproj", "{9CEDF093-0FFF-328E-AC89-38A13C992B18}"
	ProjectSection(ProjectDependencies) = postProject
		{1C901AF7-FD18-3C40-99FA-0CEBEFD47BB1} = {1C901AF7-FD18-3C40-99FA-0CEBEFD47BB1}
	EndProjectSection
EndProject
Global
	GlobalSection(SolutionConfigurationPlatforms) = preSolution
		Debug|x64 = Debug|x64
		Release|x64 = Release|x64
		MinSizeRel|x64 = MinSizeRel|x64
		RelWithDebInfo|x64 = RelWithDebInfo|x64
	EndGlobalSection
	GlobalSection(ProjectConfigurationPlatforms) = postSolution
		{43D3E461-5145-39F4-9B19-A3E3E0B13AA5}.Debug|x64.ActiveCfg = Debug|x64
		{43D3E461-5145-39F4-9B19-A3E3E0B13AA5}.Debug|x64.Build.0 = Debug|x64
		{43D3E461-5145-39F4-9B19-A3E3E0B13AA5}.Release|x64.ActiveCfg = Release|x64
		{43D3E461-5145-39F4-9B19-A3E3E0B13AA5}.Release|x64.Build.0 = Release|x64
		{43D3E461-5145-39F4-9B19-A3E3E0B13AA5}.MinSizeRel|x64.ActiveCfg = MinSizeRel|x64
		{43D3E461-5145-39F4-9B19-A3E3E0B13AA5}.MinSizeRel|x64.Build.0 = MinSizeRel|x64
		{43D3E461-5145-39F4-9B19-A3E3E0B13AA5}.RelWithDebInfo|x64.ActiveCfg = RelWithDebInfo|x64
		{43D3E461-5145-39F4-9B19-A3E3E0B13AA5}.RelWithDebInfo|x64.Build.0 = RelWithDebInfo|x64
		{0406C761-FCDA-32E0-B939-E9F4BEBA927C}.Debug|x64.ActiveCfg = Debug|x64
		{0406C761-FCDA-32E0-B939-E9F4BEBA927C}.Debug|x64.Build.0 = Debug|x64
		{0406C761-FCDA-32E0-B939-E9F4BEBA927C}.Release|x64.ActiveCfg = Release|x64
		{0406C761-FCDA-32E0-B939-E9F4BEBA927C}.Release|x64.Build.0 = Release|x64
		{0406C761-FCDA-32E0-B939-E9F4BEBA927C}.MinSizeRel|x64.ActiveCfg = MinSizeRel|x64
		{0406C761-FCDA-32E0-B939-E9F4BEBA927C}.MinSizeRel|x64.Build.0 = MinSizeRel|x64
		{0406C761-FCDA-32E0-B939-E9F4BEBA927C}.RelWithDebInfo|x64.ActiveCfg = RelWithDebInfo|x64
		{0406C761-FCDA-32E0-B939-E9F4BEBA927C}.RelWithDebInfo|x64.Build.0 = RelWithDebInfo|x64
		{9786F2B5-ACE9-339E-BA76-E88E1CFB0CE8}.Debug|x64.ActiveCfg = Debug|x64
		{9786F2B5-ACE9-339E-BA76-E88E1CFB0CE8}.Debug|x64.Build.0 = Debug|x64
		{9786F2B5-ACE9-339E-BA76-E88E1CFB0CE8}.Release|x64.ActiveCfg = Release|x64
		{9786F2B5-ACE9-339E-BA76-E88E1CFB0CE8}.Release|x64.Build.0 = Release|x64
		{9786F2B5-ACE9-339E-BA76-E88E1CFB0CE8}.MinSizeRel|x64.ActiveCfg = MinSizeRel|x64
		{9786F2B5-ACE9-339E-BA76-E88E1CFB0CE8}.MinSizeRel|x64.Build.0 = MinSizeRel|x64
		{9786F2B5-ACE9-339E-BA76-E88E1CFB0CE8}.RelWithDebInfo|x64.ActiveCfg = RelWithDebInfo|x64
		{9786F2B5-ACE9-339E-BA76-E88E1CFB0CE8}.RelWithDebInfo|x64.Build.0 = RelWithDebInfo|x64
		{E29BDD2A-C008-32B6-9F23-CB114087B9B7}.Debug|x64.ActiveCfg = Debug|x64
		{E29BDD2A-C008-32B6-9F23-CB114087B9B7}.Debug|x64.Build.0 = Debug|x64
		{E29BDD2A-C008-32B6-9F23-CB114087B9B7}.Release|x64.ActiveCfg = Release|x64
		{E29BDD2A-C008-32B6-9F23-CB114087B9B7}.Release|x64.Build.0 = Release|x64
		{E29BDD2A-C008-32B6-9F23-CB114087B9B7}.MinSizeRel|x64.ActiveCfg = MinSizeRel|x64
		{E29BDD2A-C008-32B6-9F23-CB114087B9B7}.MinSizeRel|x64.Build.0 = MinSizeRel|x64
		{E29BDD2A-C008-32B6-9F23-CB114087B9B7}.RelWithDebInfo|x64.ActiveCfg = RelWithDebInfo|x64
		{E29BDD2A-C008-32B6-9F23-CB114087B9B7}.RelWithDebInfo|x64.Build.0 = RelWithDebInfo|x64
		{EF46C3BA-38F5-34E6-BB6C-A085C9E43853}.Debug|x64.ActiveCfg = Debug|x64
		{EF46C3BA-38F5-34E6-BB6C-A085C9E43853}.Release|x64.ActiveCfg = Release|x64
		{EF46C3BA-38F5-34E6-BB6C-A085C9E43853}.MinSizeRel|x64.ActiveCfg = MinSizeRel|x64
		{EF46C3BA-38F5-34E6-BB6C-A085C9E43853}.RelWithDebInfo|x64.ActiveCfg = RelWithDebInfo|x64
		{1141DCDD-F7BE-3FC5-BD26-F4B97CE0FFF4}.Debug|x64.ActiveCfg = Debug|x64
		{1141DCDD-F7BE-3FC5-BD26-F4B97CE0FFF4}.Debug|x64.Build.0 = Debug|x64
		{1141DCDD-F7BE-3FC5-BD26-F4B97CE0FFF4}.Release|x64.ActiveCfg = Release|x64
		{1141DCDD-F7BE-3FC5-BD26-F4B97CE0FFF4}.Release|x64.Build.0 = Release|x64
		{1141DCDD-F7BE-3FC5-BD26-F4B97CE0FFF4}.MinSizeRel|x64.ActiveCfg = MinSizeRel|x64
		{1141DCDD-F7BE-3FC5-BD26-F4B97CE0FFF4}.MinSizeRel|x64.Build.0 = MinSizeRel|x64
		{1141DCDD-F7BE-3FC5-BD26-F4B97CE0FFF4}.RelWithDebInfo|x64.ActiveCfg = RelWithDebInfo|x64
		{1141DCDD-F7BE-3FC5-BD26-F4B97CE0FFF4}.RelWithDebInfo|x64.Build.0 = RelWithDebInfo|x64
		{ED493854-5F77-373A-9005-EB9E6CB63F41}.Debug|x64.ActiveCfg = Debug|x64
		{ED493854-5F77-373A-9005-EB9E6CB63F41}.Debug|x64.Build.0 = Debug|x64
		{ED493854-5F77-373A-9005-EB9E6CB63F41}.Release|x64.ActiveCfg = Release|x64
		{ED493854-5F77-373A-9005-EB9E6CB63F41}.Release|x64.Build.0 = Release|x64
		{ED493854-5F77-373A-9005-EB9E6CB63F41}.MinSizeRel|x64.ActiveCfg = MinSizeRel|x64
		{ED493854-5F77-373A-9005-EB9E6CB63F41}.MinSizeRel|x64.Build.0 = MinSizeRel|x64
		{ED493854-5F77-373A-9005-EB9E6CB63F41}.RelWithDebInfo|x64.ActiveCfg = RelWithDebInfo|x64
		{ED493854-5F77-373A-9005-EB9E6CB63F41}.RelWithDebInfo|x64.Build.0 = RelWithDebInfo|x64
		{D86F2E0A-F641-3C1A-899D-E59950C15438}.Debug|x64.ActiveCfg = Debug|x64
		{D86F2E0A-F641-3C1A-899D-E59950C15438}.Debug|x64.Build.0 = Debug|x64
		{D86F2E0A-F641-3C1A-899D-E59950C15438}.Release|x64.ActiveCfg = Release|x64
		{D86F2E0A-F641-3C1A-899D-E59950C15438}.Release|x64.Build.0 = Release|x64
		{D86F2E0A-F641-3C1A-899D-E59950C15438}.MinSizeRel|x64.ActiveCfg = MinSizeRel|x64
		{D86F2E0A-F641-3C1A-899D-E59950C15438}.MinSizeRel|x64.Build.0 = MinSizeRel|x64
		{D86F2E0A-F641-3C1A-899D-E59950C15438}.RelWithDebInfo|x64.ActiveCfg = RelWithDebInfo|x64
		{D86F2E0A-F641-3C1A-899D-E59950C15438}.RelWithDebInfo|x64.Build.0 = RelWithDebInfo|x64
		{8d538cbe-01bf-4a2e-a98a-6c368fdf13d7}.Debug|x64.ActiveCfg = Debug|x64
		{8d538cbe-01bf-4a2e-a98a-6c368fdf13d7}.Debug|x64.Build.0 = Debug|x64
		{8d538cbe-01bf-4a2e-a98a-6c368fdf13d7}.Release|x64.ActiveCfg = Release|x64
		{8d538cbe-01bf-4a2e-a98a-6c368fdf13d7}.Release|x64.Build.0 = Release|x64
		{8d538cbe-01bf-4a2e-a98a-6c368fdf13d7}.MinSizeRel|x64.ActiveCfg = MinSizeRel|x64
		{8d538cbe-01bf-4a2e-a98a-6c368fdf13d7}.MinSizeRel|x64.Build.0 = MinSizeRel|x64
		{8d538cbe-01bf-4a2e-a98a-6c368fdf13d7}.RelWithDebInfo|x64.ActiveCfg = RelWithDebInfo|x64
		{8d538cbe-01bf-4a2e-a98a-6c368fdf13d7}.RelWithDebInfo|x64.Build.0 = RelWithDebInfo|x64
		{8bd3552a-2cfb-4a59-ab15-2031b97ada1e}.Debug|x64.ActiveCfg = Debug|x64
		{8bd3552a-2cfb-4a59-ab15-2031b97ada1e}.Debug|x64.Build.0 = Debug|x64
		{8bd3552a-2cfb-4a59-ab15-2031b97ada1e}.Release|x64.ActiveCfg = Release|x64
		{8bd3552a-2cfb-4a59-ab15-2031b97ada1e}.Release|x64.Build.0 = Release|x64
		{8bd3552a-2cfb-4a59-ab15-2031b97ada1e}.MinSizeRel|x64.ActiveCfg = MinSizeRel|x64
		{8bd3552a-2cfb-4a59-ab15-2031b97ada1e}.MinSizeRel|x64.Build.0 = MinSizeRel|x64
		{8bd3552a-2cfb-4a59-ab15-2031b97ada1e}.RelWithDebInfo|x64.ActiveCfg = RelWithDebInfo|x64
		{8bd3552a-2cfb-4a59-ab15-2031b97ada1e}.RelWithDebInfo|x64.Build.0 = RelWithDebInfo|x64
		{795C4ECE-900D-304C-8ABB-A965D9FCF27F}.Debug|x64.ActiveCfg = Debug|x64
		{795C4ECE-900D-304C-8ABB-A965D9FCF27F}.Release|x64.ActiveCfg = Release|x64
		{795C4ECE-900D-304C-8ABB-A965D9FCF27F}.MinSizeRel|x64.ActiveCfg = MinSizeRel|x64
		{795C4ECE-900D-304C-8ABB-A965D9FCF27F}.RelWithDebInfo|x64.ActiveCfg = RelWithDebInfo|x64
		{08EF9CD4-8BBC-3B63-9708-442B64A850BF}.Debug|x64.ActiveCfg = Debug|x64
		{08EF9CD4-8BBC-3B63-9708-442B64A850BF}.Release|x64.ActiveCfg = Release|x64
		{08EF9CD4-8BBC-3B63-9708-442B64A850BF}.MinSizeRel|x64.ActiveCfg = MinSizeRel|x64
		{08EF9CD4-8BBC-3B63-9708-442B64A850BF}.RelWithDebInfo|x64.ActiveCfg = RelWithDebInfo|x64
		{77DA26CE-4B57-3FDE-9DD5-69EB9664258A}.Debug|x64.ActiveCfg = Debug|x64
		{77DA26CE-4B57-3FDE-9DD5-69EB9664258A}.Debug|x64.Build.0 = Debug|x64
		{77DA26CE-4B57-3FDE-9DD5-69EB9664258A}.Release|x64.ActiveCfg = Release|x64
		{77DA26CE-4B57-3FDE-9DD5-69EB9664258A}.Release|x64.Build.0 = Release|x64
		{77DA26CE-4B57-3FDE-9DD5-69EB9664258A}.MinSizeRel|x64.ActiveCfg = MinSizeRel|x64
		{77DA26CE-4B57-3FDE-9DD5-69EB9664258A}.MinSizeRel|x64.Build.0 = MinSizeRel|x64
		{77DA26CE-4B57-3FDE-9DD5-69EB9664258A}.RelWithDebInfo|x64.ActiveCfg = RelWithDebInfo|x64
		{77DA26CE-4B57-3FDE-9DD5-69EB9664258A}.RelWithDebInfo|x64.Build.0 = RelWithDebInfo|x64
		{1C901AF7-FD18-3C40-99FA-0CEBEFD47BB1}.Debug|x64.ActiveCfg = Debug|x64
		{1C901AF7-FD18-3C40-99FA-0CEBEFD47BB1}.Debug|x64.Build.0 = Debug|x64
		{1C901AF7-FD18-3C40-99FA-0CEBEFD47BB1}.Release|x64.ActiveCfg = Release|x64
		{1C901AF7-FD18-3C40-99FA-0CEBEFD47BB1}.Release|x64.Build.0 = Release|x64
		{1C901AF7-FD18-3C40-99FA-0CEBEFD47BB1}.MinSizeRel|x64.ActiveCfg = MinSizeRel|x64
		{1C901AF7-FD18-3C40-99FA-0CEBEFD47BB1}.MinSizeRel|x64.Build.0 = MinSizeRel|x64
		{1C901AF7-FD18-3C40-99FA-0CEBEFD47BB1}.RelWithDebInfo|x64.ActiveCfg = RelWithDebInfo|x64
		{1C901AF7-FD18-3C40-99FA-0CEBEFD47BB1}.RelWithDebInfo|x64.Build.0 = RelWithDebInfo|x64
		{9CEDF093-0FFF-328E-AC89-38A13C992B18}.Debug|x64.ActiveCfg = Debug|x64
		{9CEDF093-0FFF-328E-AC89-38A13C992B18}.Debug|x64.Build.0 = Debug|x64
		{9CEDF093-0FFF-328E-AC89-38A13C992B18}.Release|x64.ActiveCfg = Release|x64
		{9CEDF093-0FFF-328E-AC89-38A13C992B18}.Release|x64.Build.0 = Release|x64
		{9CEDF093-0FFF-328E-AC89-38A13C992B18}.MinSizeRel|x64.ActiveCfg = MinSizeRel|x64
		{9CEDF093-0FFF-328E-AC89-38A13C992B18}.MinSizeRel|x64.Build.0 = MinSizeRel|x64
		{9CEDF093-0FFF-328E-AC89-38A13C992B18}.RelWithDebInfo|x64.ActiveCfg = RelWithDebInfo|x64
		{9CEDF093-0FFF-328E-AC89-38A13C992B18}.RelWithDebInfo|x64.Build.0 = RelWithDebInfo|x64
	EndGlobalSection
	GlobalSection(NestedProjects) = preSolution
		{E29BDD2A-C008-32B6-9F23-CB114087B9B7} = {4BDEB76D-671D-385F-9A06-D3C143C81217}
		{43D3E461-5145-39F4-9B19-A3E3E0B13AA5} = {1DC6B310-E620-3815-BB6F-83FB127073AD}
		{795C4ECE-900D-304C-8ABB-A965D9FCF27F} = {1DC6B310-E620-3815-BB6F-83FB127073AD}
		{08EF9CD4-8BBC-3B63-9708-442B64A850BF} = {1DC6B310-E620-3815-BB6F-83FB127073AD}
		{1C901AF7-FD18-3C40-99FA-0CEBEFD47BB1} = {1DC6B310-E620-3815-BB6F-83FB127073AD}
		{0406C761-FCDA-32E0-B939-E9F4BEBA927C} = {6727050F-5D07-3F46-A89E-8FDC909994E9}
		{EF46C3BA-38F5-34E6-BB6C-A085C9E43853} = {6727050F-5D07-3F46-A89E-8FDC909994E9}
		{1141DCDD-F7BE-3FC5-BD26-F4B97CE0FFF4} = {6727050F-5D07-3F46-A89E-8FDC909994E9}
		{ED493854-5F77-373A-9005-EB9E6CB63F41} = {6727050F-5D07-3F46-A89E-8FDC909994E9}
	EndGlobalSection
	GlobalSection(ExtensibilityGlobals) = postSolution
		SolutionGuid = {64683C2A-751B-313D-B895-125D48816594}
	EndGlobalSection
	GlobalSection(ExtensibilityAddIns) = postSolution
	EndGlobalSection
EndGlobal
